
Microsoft Visual Studio Solution File, Format Version 12.00
# Visual Studio Version 17
VisualStudioVersion = 17.9.34728.123
MinimumVisualStudioVersion = 10.0.40219.1
Project("{9A19103F-16F7-4668-BE54-9A1E7A4F7556}") = "Aspire.AppHost", "Services\Aspire\Aspire.AppHost\Aspire.AppHost.csproj", "{B453711D-19BC-402F-B4CB-33A01A923182}"
EndProject
Project("{2150E333-8FDC-42A3-9474-1A3956D46DE8}") = "Services", "Services", "{1389495A-B978-4809-A02F-776719CB9A73}"
EndProject
Project("{2150E333-8FDC-42A3-9474-1A3956D46DE8}") = "WebApi", "WebApi", "{0FCA9ABC-B9A8-4619-A736-A42FAAD914BB}"
EndProject
Project("{2150E333-8FDC-42A3-9474-1A3956D46DE8}") = "Aspire", "Aspire", "{21FEE2B4-1A65-4FC6-9287-4D5AAA6AC0BB}"
EndProject
Project("{2150E333-8FDC-42A3-9474-1A3956D46DE8}") = "Commodity", "Commodity", "{69A692F0-DAB2-49A8-8EB1-BC1C79A660A6}"
EndProject
Project("{2150E333-8FDC-42A3-9474-1A3956D46DE8}") = "Politics", "Politics", "{4366F4F6-D79B-4F47-AC0D-E008C30183C3}"
EndProject
Project("{9A19103F-16F7-4668-BE54-9A1E7A4F7556}") = "Aspire.ServiceDefaults", "Services\Aspire\Aspire.ServiceDefaults\Aspire.ServiceDefaults.csproj", "{413CB134-27A2-4814-963F-FF17780F59CA}"
EndProject
Project("{9A19103F-16F7-4668-BE54-9A1E7A4F7556}") = "Commodities.Api", "Services\Commodity\Commodity.Api\Commodities.Api.csproj", "{417BC4A0-DDDC-4FA1-B4D2-E3991D201775}"
EndProject
Project("{9A19103F-16F7-4668-BE54-9A1E7A4F7556}") = "WebApi.Api", "Services\WebApi\WebApi.Api\WebApi.Api.csproj", "{38A95786-B908-4FDA-BF42-FEC401CB0469}"
EndProject
Project("{2150E333-8FDC-42A3-9474-1A3956D46DE8}") = "Solution Items", "Solution Items", "{76E97523-3A61-485B-820B-7294293196FE}"
	ProjectSection(SolutionItems) = preProject
		Directory.Packages.props = Directory.Packages.props
	EndProjectSection
EndProject
Project("{9A19103F-16F7-4668-BE54-9A1E7A4F7556}") = "Politics.Api", "Services\Politics\Politics.Api\Politics.Api.csproj", "{B5E487B5-2521-4048-99A9-358F7BA2DABE}"
EndProject
Project("{9A19103F-16F7-4668-BE54-9A1E7A4F7556}") = "Politics.BL.Models", "Services\Politics\Politics.BL.Models\Politics.BL.Models.csproj", "{FE81E4D5-B7DC-42E0-8AA8-2C95C9B4940A}"
EndProject
Project("{9A19103F-16F7-4668-BE54-9A1E7A4F7556}") = "Politics.Dal", "Services\Politics\Politics.Dal\Politics.Dal.csproj", "{C4BC6D55-A1C9-4341-A05B-96D0A4AAC29A}"
EndProject
Project("{9A19103F-16F7-4668-BE54-9A1E7A4F7556}") = "Politics.WebApi", "Services\Politics\Politics.WebApi\Politics.WebApi.csproj", "{46F3B9CC-A17B-45DE-A914-0128E9B6B44F}"
EndProject
Project("{9A19103F-16F7-4668-BE54-9A1E7A4F7556}") = "Politics.Converter", "Services\Politics\Politics.Converter\Politics.Converter.csproj", "{C2C4880E-300C-462F-A164-904FF4C1B96C}"
EndProject
Project("{9A19103F-16F7-4668-BE54-9A1E7A4F7556}") = "Politics.Dal.Models", "Services\Politics\Politics.Dal.Models\Politics.Dal.Models.csproj", "{13979263-A760-48D1-92BE-A8FD03481953}"
EndProject
Project("{9A19103F-16F7-4668-BE54-9A1E7A4F7556}") = "Politics.BL", "Services\Politics\Politics.BL\Politics.BL.csproj", "{8D796737-E33F-4CF6-BADD-7884BBD068B0}"
EndProject
Global
	GlobalSection(SolutionConfigurationPlatforms) = preSolution
		Debug|Any CPU = Debug|Any CPU
		Release|Any CPU = Release|Any CPU
	EndGlobalSection
	GlobalSection(ProjectConfigurationPlatforms) = postSolution
		{B453711D-19BC-402F-B4CB-33A01A923182}.Debug|Any CPU.ActiveCfg = Debug|Any CPU
		{B453711D-19BC-402F-B4CB-33A01A923182}.Debug|Any CPU.Build.0 = Debug|Any CPU
		{B453711D-19BC-402F-B4CB-33A01A923182}.Release|Any CPU.ActiveCfg = Release|Any CPU
		{B453711D-19BC-402F-B4CB-33A01A923182}.Release|Any CPU.Build.0 = Release|Any CPU
		{413CB134-27A2-4814-963F-FF17780F59CA}.Debug|Any CPU.ActiveCfg = Debug|Any CPU
		{413CB134-27A2-4814-963F-FF17780F59CA}.Debug|Any CPU.Build.0 = Debug|Any CPU
		{413CB134-27A2-4814-963F-FF17780F59CA}.Release|Any CPU.ActiveCfg = Release|Any CPU
		{413CB134-27A2-4814-963F-FF17780F59CA}.Release|Any CPU.Build.0 = Release|Any CPU
		{417BC4A0-DDDC-4FA1-B4D2-E3991D201775}.Debug|Any CPU.ActiveCfg = Debug|Any CPU
		{417BC4A0-DDDC-4FA1-B4D2-E3991D201775}.Debug|Any CPU.Build.0 = Debug|Any CPU
		{417BC4A0-DDDC-4FA1-B4D2-E3991D201775}.Release|Any CPU.ActiveCfg = Release|Any CPU
		{417BC4A0-DDDC-4FA1-B4D2-E3991D201775}.Release|Any CPU.Build.0 = Release|Any CPU
		{38A95786-B908-4FDA-BF42-FEC401CB0469}.Debug|Any CPU.ActiveCfg = Debug|Any CPU
		{38A95786-B908-4FDA-BF42-FEC401CB0469}.Debug|Any CPU.Build.0 = Debug|Any CPU
		{38A95786-B908-4FDA-BF42-FEC401CB0469}.Release|Any CPU.ActiveCfg = Release|Any CPU
		{38A95786-B908-4FDA-BF42-FEC401CB0469}.Release|Any CPU.Build.0 = Release|Any CPU
		{B5E487B5-2521-4048-99A9-358F7BA2DABE}.Debug|Any CPU.ActiveCfg = Debug|Any CPU
		{B5E487B5-2521-4048-99A9-358F7BA2DABE}.Debug|Any CPU.Build.0 = Debug|Any CPU
		{B5E487B5-2521-4048-99A9-358F7BA2DABE}.Release|Any CPU.ActiveCfg = Release|Any CPU
		{B5E487B5-2521-4048-99A9-358F7BA2DABE}.Release|Any CPU.Build.0 = Release|Any CPU
		{FE81E4D5-B7DC-42E0-8AA8-2C95C9B4940A}.Debug|Any CPU.ActiveCfg = Debug|Any CPU
		{FE81E4D5-B7DC-42E0-8AA8-2C95C9B4940A}.Debug|Any CPU.Build.0 = Debug|Any CPU
		{FE81E4D5-B7DC-42E0-8AA8-2C95C9B4940A}.Release|Any CPU.ActiveCfg = Release|Any CPU
		{FE81E4D5-B7DC-42E0-8AA8-2C95C9B4940A}.Release|Any CPU.Build.0 = Release|Any CPU
		{C4BC6D55-A1C9-4341-A05B-96D0A4AAC29A}.Debug|Any CPU.ActiveCfg = Debug|Any CPU
		{C4BC6D55-A1C9-4341-A05B-96D0A4AAC29A}.Debug|Any CPU.Build.0 = Debug|Any CPU
		{C4BC6D55-A1C9-4341-A05B-96D0A4AAC29A}.Release|Any CPU.ActiveCfg = Release|Any CPU
		{C4BC6D55-A1C9-4341-A05B-96D0A4AAC29A}.Release|Any CPU.Build.0 = Release|Any CPU
		{46F3B9CC-A17B-45DE-A914-0128E9B6B44F}.Debug|Any CPU.ActiveCfg = Debug|Any CPU
		{46F3B9CC-A17B-45DE-A914-0128E9B6B44F}.Debug|Any CPU.Build.0 = Debug|Any CPU
		{46F3B9CC-A17B-45DE-A914-0128E9B6B44F}.Release|Any CPU.ActiveCfg = Release|Any CPU
		{46F3B9CC-A17B-45DE-A914-0128E9B6B44F}.Release|Any CPU.Build.0 = Release|Any CPU
		{C2C4880E-300C-462F-A164-904FF4C1B96C}.Debug|Any CPU.ActiveCfg = Debug|Any CPU
		{C2C4880E-300C-462F-A164-904FF4C1B96C}.Debug|Any CPU.Build.0 = Debug|Any CPU
		{C2C4880E-300C-462F-A164-904FF4C1B96C}.Release|Any CPU.ActiveCfg = Release|Any CPU
		{C2C4880E-300C-462F-A164-904FF4C1B96C}.Release|Any CPU.Build.0 = Release|Any CPU
		{13979263-A760-48D1-92BE-A8FD03481953}.Debug|Any CPU.ActiveCfg = Debug|Any CPU
		{13979263-A760-48D1-92BE-A8FD03481953}.Debug|Any CPU.Build.0 = Debug|Any CPU
		{13979263-A760-48D1-92BE-A8FD03481953}.Release|Any CPU.ActiveCfg = Release|Any CPU
		{13979263-A760-48D1-92BE-A8FD03481953}.Release|Any CPU.Build.0 = Release|Any CPU
		{8D796737-E33F-4CF6-BADD-7884BBD068B0}.Debug|Any CPU.ActiveCfg = Debug|Any CPU
		{8D796737-E33F-4CF6-BADD-7884BBD068B0}.Debug|Any CPU.Build.0 = Debug|Any CPU
		{8D796737-E33F-4CF6-BADD-7884BBD068B0}.Release|Any CPU.ActiveCfg = Release|Any CPU
		{8D796737-E33F-4CF6-BADD-7884BBD068B0}.Release|Any CPU.Build.0 = Release|Any CPU
	EndGlobalSection
	GlobalSection(SolutionProperties) = preSolution
		HideSolutionNode = FALSE
	EndGlobalSection
	GlobalSection(NestedProjects) = preSolution
		{B453711D-19BC-402F-B4CB-33A01A923182} = {21FEE2B4-1A65-4FC6-9287-4D5AAA6AC0BB}
		{0FCA9ABC-B9A8-4619-A736-A42FAAD914BB} = {1389495A-B978-4809-A02F-776719CB9A73}
		{21FEE2B4-1A65-4FC6-9287-4D5AAA6AC0BB} = {1389495A-B978-4809-A02F-776719CB9A73}
		{69A692F0-DAB2-49A8-8EB1-BC1C79A660A6} = {1389495A-B978-4809-A02F-776719CB9A73}
		{4366F4F6-D79B-4F47-AC0D-E008C30183C3} = {1389495A-B978-4809-A02F-776719CB9A73}
		{413CB134-27A2-4814-963F-FF17780F59CA} = {21FEE2B4-1A65-4FC6-9287-4D5AAA6AC0BB}
		{417BC4A0-DDDC-4FA1-B4D2-E3991D201775} = {69A692F0-DAB2-49A8-8EB1-BC1C79A660A6}
		{38A95786-B908-4FDA-BF42-FEC401CB0469} = {0FCA9ABC-B9A8-4619-A736-A42FAAD914BB}
		{B5E487B5-2521-4048-99A9-358F7BA2DABE} = {4366F4F6-D79B-4F47-AC0D-E008C30183C3}
		{FE81E4D5-B7DC-42E0-8AA8-2C95C9B4940A} = {4366F4F6-D79B-4F47-AC0D-E008C30183C3}
		{C4BC6D55-A1C9-4341-A05B-96D0A4AAC29A} = {4366F4F6-D79B-4F47-AC0D-E008C30183C3}
		{46F3B9CC-A17B-45DE-A914-0128E9B6B44F} = {4366F4F6-D79B-4F47-AC0D-E008C30183C3}
		{C2C4880E-300C-462F-A164-904FF4C1B96C} = {4366F4F6-D79B-4F47-AC0D-E008C30183C3}
		{13979263-A760-48D1-92BE-A8FD03481953} = {4366F4F6-D79B-4F47-AC0D-E008C30183C3}
		{8D796737-E33F-4CF6-BADD-7884BBD068B0} = {4366F4F6-D79B-4F47-AC0D-E008C30183C3}
	EndGlobalSection
	GlobalSection(ExtensibilityGlobals) = postSolution
		SolutionGuid = {458AAFA4-D922-46D7-A47A-E4CF57B706CA}
	EndGlobalSection
EndGlobal
