
Microsoft Visual Studio Solution File, Format Version 12.00
# Visual Studio Version 17
VisualStudioVersion = 17.9.34728.123
MinimumVisualStudioVersion = 10.0.40219.1
Project("{9A19103F-16F7-4668-BE54-9A1E7A4F7556}") = "ClearDemocracy.KnessetService.Api", "ClearDemocracy.KnessetService\ClearDemocracy.KnessetService.Api.csproj", "{F7FE6385-332D-42A8-B3AC-F3D452C9E203}"
EndProject
Project("{9A19103F-16F7-4668-BE54-9A1E7A4F7556}") = "ClearDemocracy.Politics.WebAPI", "ClearDemocracy.Politics.WebAPI\ClearDemocracy.Politics.WebAPI.csproj", "{61C72A43-0F8F-4F10-948D-819CE359D8A3}"
EndProject
Project("{9A19103F-16F7-4668-BE54-9A1E7A4F7556}") = "ClearDemocracy.Knesset.BL", "ClearDemocracy.Knesset.BL\ClearDemocracy.Knesset.BL.csproj", "{6B9CFCA6-5604-4A91-A395-6C02E78DDB3C}"
EndProject
Project("{FAE04EC0-301F-11D3-BF4B-00C04F79EFBC}") = "ClearDemocracy.CommoditiesApi", "ClearDemocracy.CommoditiesApi\ClearDemocracy.CommoditiesApi.csproj", "{878160EB-5811-496A-8486-93F0046D5E48}"
EndProject
Project("{9A19103F-16F7-4668-BE54-9A1E7A4F7556}") = "ClearDemocracy.Knesset.Dal", "ClearDemocracy.Knesset.Dal\ClearDemocracy.Knesset.Dal.csproj", "{1BD5A3A8-B926-4A0C-93AF-D62963C34326}"
EndProject
Global
	GlobalSection(SolutionConfigurationPlatforms) = preSolution
		Debug|Any CPU = Debug|Any CPU
		Release|Any CPU = Release|Any CPU
	EndGlobalSection
	GlobalSection(ProjectConfigurationPlatforms) = postSolution
		{F7FE6385-332D-42A8-B3AC-F3D452C9E203}.Debug|Any CPU.ActiveCfg = Debug|Any CPU
		{F7FE6385-332D-42A8-B3AC-F3D452C9E203}.Debug|Any CPU.Build.0 = Debug|Any CPU
		{F7FE6385-332D-42A8-B3AC-F3D452C9E203}.Release|Any CPU.ActiveCfg = Release|Any CPU
		{F7FE6385-332D-42A8-B3AC-F3D452C9E203}.Release|Any CPU.Build.0 = Release|Any CPU
		{61C72A43-0F8F-4F10-948D-819CE359D8A3}.Debug|Any CPU.ActiveCfg = Debug|Any CPU
		{61C72A43-0F8F-4F10-948D-819CE359D8A3}.Debug|Any CPU.Build.0 = Debug|Any CPU
		{61C72A43-0F8F-4F10-948D-819CE359D8A3}.Release|Any CPU.ActiveCfg = Release|Any CPU
		{61C72A43-0F8F-4F10-948D-819CE359D8A3}.Release|Any CPU.Build.0 = Release|Any CPU
		{6B9CFCA6-5604-4A91-A395-6C02E78DDB3C}.Debug|Any CPU.ActiveCfg = Debug|Any CPU
		{6B9CFCA6-5604-4A91-A395-6C02E78DDB3C}.Debug|Any CPU.Build.0 = Debug|Any CPU
		{6B9CFCA6-5604-4A91-A395-6C02E78DDB3C}.Release|Any CPU.ActiveCfg = Release|Any CPU
		{6B9CFCA6-5604-4A91-A395-6C02E78DDB3C}.Release|Any CPU.Build.0 = Release|Any CPU
		{878160EB-5811-496A-8486-93F0046D5E48}.Debug|Any CPU.ActiveCfg = Debug|Any CPU
		{878160EB-5811-496A-8486-93F0046D5E48}.Debug|Any CPU.Build.0 = Debug|Any CPU
		{878160EB-5811-496A-8486-93F0046D5E48}.Release|Any CPU.ActiveCfg = Release|Any CPU
		{878160EB-5811-496A-8486-93F0046D5E48}.Release|Any CPU.Build.0 = Release|Any CPU
		{1BD5A3A8-B926-4A0C-93AF-D62963C34326}.Debug|Any CPU.ActiveCfg = Debug|Any CPU
		{1BD5A3A8-B926-4A0C-93AF-D62963C34326}.Debug|Any CPU.Build.0 = Debug|Any CPU
		{1BD5A3A8-B926-4A0C-93AF-D62963C34326}.Release|Any CPU.ActiveCfg = Release|Any CPU
		{1BD5A3A8-B926-4A0C-93AF-D62963C34326}.Release|Any CPU.Build.0 = Release|Any CPU
	EndGlobalSection
	GlobalSection(SolutionProperties) = preSolution
		HideSolutionNode = FALSE
	EndGlobalSection
	GlobalSection(ExtensibilityGlobals) = postSolution
		SolutionGuid = {458AAFA4-D922-46D7-A47A-E4CF57B706CA}
	EndGlobalSection
EndGlobal
